// !$*UTF8*$!
{
	archiveVersion = 1;
	classes = {
	};
	objectVersion = 50;
	objects = {

/* Begin PBXBuildFile section */
		454B7F17266E03A400BAE7B1 /* MyPieChartApp.swift in Sources */ = {isa = PBXBuildFile; fileRef = 454B7F16266E03A400BAE7B1 /* MyPieChartApp.swift */; };
		454B7F1B266E03A500BAE7B1 /* Assets.xcassets in Resources */ = {isa = PBXBuildFile; fileRef = 454B7F1A266E03A500BAE7B1 /* Assets.xcassets */; };
		454B7F1E266E03A500BAE7B1 /* Preview Assets.xcassets in Resources */ = {isa = PBXBuildFile; fileRef = 454B7F1D266E03A500BAE7B1 /* Preview Assets.xcassets */; };
		454B7F26266E043800BAE7B1 /* PieChartSlice.swift in Sources */ = {isa = PBXBuildFile; fileRef = 454B7F25266E043800BAE7B1 /* PieChartSlice.swift */; };
		454B7F28266E055600BAE7B1 /* ChartData.swift in Sources */ = {isa = PBXBuildFile; fileRef = 454B7F27266E055600BAE7B1 /* ChartData.swift */; };
		454B7F2A266E05AF00BAE7B1 /* Helper.swift in Sources */ = {isa = PBXBuildFile; fileRef = 454B7F29266E05AF00BAE7B1 /* Helper.swift */; };
		454B7F2C266E05E600BAE7B1 /* PieChart.swift in Sources */ = {isa = PBXBuildFile; fileRef = 454B7F2B266E05E600BAE7B1 /* PieChart.swift */; };
/* End PBXBuildFile section */

/* Begin PBXFileReference section */
		454B7F13266E03A400BAE7B1 /* MyPieChart.app */ = {isa = PBXFileReference; explicitFileType = wrapper.application; includeInIndex = 0; path = MyPieChart.app; sourceTree = BUILT_PRODUCTS_DIR; };
		454B7F16266E03A400BAE7B1 /* MyPieChartApp.swift */ = {isa = PBXFileReference; lastKnownFileType = sourcecode.swift; path = MyPieChartApp.swift; sourceTree = "<group>"; };
		454B7F1A266E03A500BAE7B1 /* Assets.xcassets */ = {isa = PBXFileReference; lastKnownFileType = folder.assetcatalog; path = Assets.xcassets; sourceTree = "<group>"; };
		454B7F1D266E03A500BAE7B1 /* Preview Assets.xcassets */ = {isa = PBXFileReference; lastKnownFileType = folder.assetcatalog; path = "Preview Assets.xcassets"; sourceTree = "<group>"; };
		454B7F1F266E03A500BAE7B1 /* Info.plist */ = {isa = PBXFileReference; lastKnownFileType = text.plist.xml; path = Info.plist; sourceTree = "<group>"; };
		454B7F25266E043800BAE7B1 /* PieChartSlice.swift */ = {isa = PBXFileReference; lastKnownFileType = sourcecode.swift; path = PieChartSlice.swift; sourceTree = "<group>"; };
		454B7F27266E055600BAE7B1 /* ChartData.swift */ = {isa = PBXFileReference; lastKnownFileType = sourcecode.swift; path = ChartData.swift; sourceTree = "<group>"; };
		454B7F29266E05AF00BAE7B1 /* Helper.swift */ = {isa = PBXFileReference; lastKnownFileType = sourcecode.swift; path = Helper.swift; sourceTree = "<group>"; };
		454B7F2B266E05E600BAE7B1 /* PieChart.swift */ = {isa = PBXFileReference; lastKnownFileType = sourcecode.swift; path = PieChart.swift; sourceTree = "<group>"; };
/* End PBXFileReference section */

/* Begin PBXFrameworksBuildPhase section */
		454B7F10266E03A400BAE7B1 /* Frameworks */ = {
			isa = PBXFrameworksBuildPhase;
			buildActionMask = 2147483647;
			files = (
			);
			runOnlyForDeploymentPostprocessing = 0;
		};
/* End PBXFrameworksBuildPhase section */

/* Begin PBXGroup section */
		454B7F0A266E03A300BAE7B1 = {
			isa = PBXGroup;
			children = (
				454B7F15266E03A400BAE7B1 /* MyPieChart */,
				454B7F14266E03A400BAE7B1 /* Products */,
			);
			sourceTree = "<group>";
		};
		454B7F14266E03A400BAE7B1 /* Products */ = {
			isa = PBXGroup;
			children = (
				454B7F13266E03A400BAE7B1 /* MyPieChart.app */,
			);
			name = Products;
			sourceTree = "<group>";
		};
		454B7F15266E03A400BAE7B1 /* MyPieChart */ = {
			isa = PBXGroup;
			children = (
				454B7F16266E03A400BAE7B1 /* MyPieChartApp.swift */,
				454B7F1A266E03A500BAE7B1 /* Assets.xcassets */,
				454B7F1F266E03A500BAE7B1 /* Info.plist */,
				454B7F1C266E03A500BAE7B1 /* Preview Content */,
				454B7F25266E043800BAE7B1 /* PieChartSlice.swift */,
				454B7F27266E055600BAE7B1 /* ChartData.swift */,
				454B7F29266E05AF00BAE7B1 /* Helper.swift */,
				454B7F2B266E05E600BAE7B1 /* PieChart.swift */,
			);
			path = MyPieChart;
			sourceTree = "<group>";
		};
		454B7F1C266E03A500BAE7B1 /* Preview Content */ = {
			isa = PBXGroup;
			children = (
				454B7F1D266E03A500BAE7B1 /* Preview Assets.xcassets */,
			);
			path = "Preview Content";
			sourceTree = "<group>";
		};
/* End PBXGroup section */

/* Begin PBXNativeTarget section */
		454B7F12266E03A400BAE7B1 /* MyPieChart */ = {
			isa = PBXNativeTarget;
			buildConfigurationList = 454B7F22266E03A500BAE7B1 /* Build configuration list for PBXNativeTarget "MyPieChart" */;
			buildPhases = (
				454B7F0F266E03A400BAE7B1 /* Sources */,
				454B7F10266E03A400BAE7B1 /* Frameworks */,
				454B7F11266E03A400BAE7B1 /* Resources */,
			);
			buildRules = (
			);
			dependencies = (
			);
			name = MyPieChart;
			productName = MyPieChart;
			productReference = 454B7F13266E03A400BAE7B1 /* MyPieChart.app */;
			productType = "com.apple.product-type.application";
		};
/* End PBXNativeTarget section */

/* Begin PBXProject section */
		454B7F0B266E03A300BAE7B1 /* Project object */ = {
			isa = PBXProject;
			attributes = {
				LastSwiftUpdateCheck = 1250;
				LastUpgradeCheck = 1250;
				TargetAttributes = {
					454B7F12266E03A400BAE7B1 = {
						CreatedOnToolsVersion = 12.5;
					};
				};
			};
			buildConfigurationList = 454B7F0E266E03A300BAE7B1 /* Build configuration list for PBXProject "MyPieChart" */;
			compatibilityVersion = "Xcode 9.3";
			developmentRegion = en;
			hasScannedForEncodings = 0;
			knownRegions = (
				en,
				Base,
			);
			mainGroup = 454B7F0A266E03A300BAE7B1;
			productRefGroup = 454B7F14266E03A400BAE7B1 /* Products */;
			projectDirPath = "";
			projectRoot = "";
			targets = (
				454B7F12266E03A400BAE7B1 /* MyPieChart */,
			);
		};
/* End PBXProject section */

/* Begin PBXResourcesBuildPhase section */
		454B7F11266E03A400BAE7B1 /* Resources */ = {
			isa = PBXResourcesBuildPhase;
			buildActionMask = 2147483647;
			files = (
				454B7F1E266E03A500BAE7B1 /* Preview Assets.xcassets in Resources */,
				454B7F1B266E03A500BAE7B1 /* Assets.xcassets in Resources */,
			);
			runOnlyForDeploymentPostprocessing = 0;
		};
/* End PBXResourcesBuildPhase section */

/* Begin PBXSourcesBuildPhase section */
		454B7F0F266E03A400BAE7B1 /* Sources */ = {
			isa = PBXSourcesBuildPhase;
			buildActionMask = 2147483647;
			files = (
				454B7F26266E043800BAE7B1 /* PieChartSlice.swift in Sources */,
				454B7F2A266E05AF00BAE7B1 /* Helper.swift in Sources */,
				454B7F2C266E05E600BAE7B1 /* PieChart.swift in Sources */,
				454B7F28266E055600BAE7B1 /* ChartData.swift in Sources */,
				454B7F17266E03A400BAE7B1 /* MyPieChartApp.swift in Sources */,
			);
			runOnlyForDeploymentPostprocessing = 0;
		};
/* End PBXSourcesBuildPhase section */

/* Begin XCBuildConfiguration section */
		454B7F20266E03A500BAE7B1 /* Debug */ = {
			isa = XCBuildConfiguration;
			buildSettings = {
				ALWAYS_SEARCH_USER_PATHS = NO;
				CLANG_ANALYZER_NONNULL = YES;
				CLANG_ANALYZER_NUMBER_OBJECT_CONVERSION = YES_AGGRESSIVE;
				CLANG_CXX_LANGUAGE_STANDARD = "gnu++14";
				CLANG_CXX_LIBRARY = "libc++";
				CLANG_ENABLE_MODULES = YES;
				CLANG_ENABLE_OBJC_ARC = YES;
				CLANG_ENABLE_OBJC_WEAK = YES;
				CLANG_WARN_BLOCK_CAPTURE_AUTORELEASING = YES;
				CLANG_WARN_BOOL_CONVERSION = YES;
				CLANG_WARN_COMMA = YES;
				CLANG_WARN_CONSTANT_CONVERSION = YES;
				CLANG_WARN_DEPRECATED_OBJC_IMPLEMENTATIONS = YES;
				CLANG_WARN_DIRECT_OBJC_ISA_USAGE = YES_ERROR;
				CLANG_WARN_DOCUMENTATION_COMMENTS = YES;
				CLANG_WARN_EMPTY_BODY = YES;
				CLANG_WARN_ENUM_CONVERSION = YES;
				CLANG_WARN_INFINITE_RECURSION = YES;
				CLANG_WARN_INT_CONVERSION = YES;
				CLANG_WARN_NON_LITERAL_NULL_CONVERSION = YES;
				CLANG_WARN_OBJC_IMPLICIT_RETAIN_SELF = YES;
				CLANG_WARN_OBJC_LITERAL_CONVERSION = YES;
				CLANG_WARN_OBJC_ROOT_CLASS = YES_ERROR;
				CLANG_WARN_QUOTED_INCLUDE_IN_FRAMEWORK_HEADER = YES;
				CLANG_WARN_RANGE_LOOP_ANALYSIS = YES;
				CLANG_WARN_STRICT_PROTOTYPES = YES;
				CLANG_WARN_SUSPICIOUS_MOVE = YES;
				CLANG_WARN_UNGUARDED_AVAILABILITY = YES_AGGRESSIVE;
				CLANG_WARN_UNREACHABLE_CODE = YES;
				CLANG_WARN__DUPLICATE_METHOD_MATCH = YES;
				COPY_PHASE_STRIP = NO;
				DEBUG_INFORMATION_FORMAT = dwarf;
				ENABLE_STRICT_OBJC_MSGSEND = YES;
				ENABLE_TESTABILITY = YES;
				GCC_C_LANGUAGE_STANDARD = gnu11;
				GCC_DYNAMIC_NO_PIC = NO;
				GCC_NO_COMMON_BLOCKS = YES;
				GCC_OPTIMIZATION_LEVEL = 0;
				GCC_PREPROCESSOR_DEFINITIONS = (
					"DEBUG=1",
					"$(inherited)",
				);
				GCC_WARN_64_TO_32_BIT_CONVERSION = YES;
				GCC_WARN_ABOUT_RETURN_TYPE = YES_ERROR;
				GCC_WARN_UNDECLARED_SELECTOR = YES;
				GCC_WARN_UNINITIALIZED_AUTOS = YES_AGGRESSIVE;
				GCC_WARN_UNUSED_FUNCTION = YES;
				GCC_WARN_UNUSED_VARIABLE = YES;
				IPHONEOS_DEPLOYMENT_TARGET = 14.5;
				MTL_ENABLE_DEBUG_INFO = INCLUDE_SOURCE;
				MTL_FAST_MATH = YES;
				ONLY_ACTIVE_ARCH = YES;
				SDKROOT = iphoneos;
				SWIFT_ACTIVE_COMPILATION_CONDITIONS = DEBUG;
				SWIFT_OPTIMIZATION_LEVEL = "-Onone";
			};
			name = Debug;
		};
		454B7F21266E03A500BAE7B1 /* Release */ = {
			isa = XCBuildConfiguration;
			buildSettings = {
				ALWAYS_SEARCH_USER_PATHS = NO;
				CLANG_ANALYZER_NONNULL = YES;
				CLANG_ANALYZER_NUMBER_OBJECT_CONVERSION = YES_AGGRESSIVE;
				CLANG_CXX_LANGUAGE_STANDARD = "gnu++14";
				CLANG_CXX_LIBRARY = "libc++";
				CLANG_ENABLE_MODULES = YES;
				CLANG_ENABLE_OBJC_ARC = YES;
				CLANG_ENABLE_OBJC_WEAK = YES;
				CLANG_WARN_BLOCK_CAPTURE_AUTORELEASING = YES;
				CLANG_WARN_BOOL_CONVERSION = YES;
				CLANG_WARN_COMMA = YES;
				CLANG_WARN_CONSTANT_CONVERSION = YES;
				CLANG_WARN_DEPRECATED_OBJC_IMPLEMENTATIONS = YES;
				CLANG_WARN_DIRECT_OBJC_ISA_USAGE = YES_ERROR;
				CLANG_WARN_DOCUMENTATION_COMMENTS = YES;
				CLANG_WARN_EMPTY_BODY = YES;
				CLANG_WARN_ENUM_CONVERSION = YES;
				CLANG_WARN_INFINITE_RECURSION = YES;
				CLANG_WARN_INT_CONVERSION = YES;
				CLANG_WARN_NON_LITERAL_NULL_CONVERSION = YES;
				CLANG_WARN_OBJC_IMPLICIT_RETAIN_SELF = YES;
				CLANG_WARN_OBJC_LITERAL_CONVERSION = YES;
				CLANG_WARN_OBJC_ROOT_CLASS = YES_ERROR;
				CLANG_WARN_QUOTED_INCLUDE_IN_FRAMEWORK_HEADER = YES;
				CLANG_WARN_RANGE_LOOP_ANALYSIS = YES;
				CLANG_WARN_STRICT_PROTOTYPES = YES;
				CLANG_WARN_SUSPICIOUS_MOVE = YES;
				CLANG_WARN_UNGUARDED_AVAILABILITY = YES_AGGRESSIVE;
				CLANG_WARN_UNREACHABLE_CODE = YES;
				CLANG_WARN__DUPLICATE_METHOD_MATCH = YES;
				COPY_PHASE_STRIP = NO;
				DEBUG_INFORMATION_FORMAT = "dwarf-with-dsym";
				ENABLE_NS_ASSERTIONS = NO;
				ENABLE_STRICT_OBJC_MSGSEND = YES;
				GCC_C_LANGUAGE_STANDARD = gnu11;
				GCC_NO_COMMON_BLOCKS = YES;
				GCC_WARN_64_TO_32_BIT_CONVERSION = YES;
				GCC_WARN_ABOUT_RETURN_TYPE = YES_ERROR;
				GCC_WARN_UNDECLARED_SELECTOR = YES;
				GCC_WARN_UNINITIALIZED_AUTOS = YES_AGGRESSIVE;
				GCC_WARN_UNUSED_FUNCTION = YES;
				GCC_WARN_UNUSED_VARIABLE = YES;
				IPHONEOS_DEPLOYMENT_TARGET = 14.5;
				MTL_ENABLE_DEBUG_INFO = NO;
				MTL_FAST_MATH = YES;
				SDKROOT = iphoneos;
				SWIFT_COMPILATION_MODE = wholemodule;
				SWIFT_OPTIMIZATION_LEVEL = "-O";
				VALIDATE_PRODUCT = YES;
			};
			name = Release;
		};
		454B7F23266E03A500BAE7B1 /* Debug */ = {
			isa = XCBuildConfiguration;
			buildSettings = {
				ASSETCATALOG_COMPILER_APPICON_NAME = AppIcon;
				ASSETCATALOG_COMPILER_GLOBAL_ACCENT_COLOR_NAME = AccentColor;
				CODE_SIGN_STYLE = Automatic;
				DEVELOPMENT_ASSET_PATHS = "\"MyPieChart/Preview Content\"";
				ENABLE_PREVIEWS = YES;
				INFOPLIST_FILE = MyPieChart/Info.plist;
				IPHONEOS_DEPLOYMENT_TARGET = 14.0;
				LD_RUNPATH_SEARCH_PATHS = (
					"$(inherited)",
					"@executable_path/Frameworks",
				);
				PRODUCT_BUNDLE_IDENTIFIER = com.BLCKBIRDS.MyPieChart;
				PRODUCT_NAME = "$(TARGET_NAME)";
				SWIFT_VERSION = 5.0;
				TARGETED_DEVICE_FAMILY = "1,2";
			};
			name = Debug;
		};
		454B7F24266E03A500BAE7B1 /* Release */ = {
			isa = XCBuildConfiguration;
			buildSettings = {
				ASSETCATALOG_COMPILER_APPICON_NAME = AppIcon;
				ASSETCATALOG_COMPILER_GLOBAL_ACCENT_COLOR_NAME = AccentColor;
				CODE_SIGN_STYLE = Automatic;
				DEVELOPMENT_ASSET_PATHS = "\"MyPieChart/Preview Content\"";
				ENABLE_PREVIEWS = YES;
				INFOPLIST_FILE = MyPieChart/Info.plist;
				IPHONEOS_DEPLOYMENT_TARGET = 14.0;
				LD_RUNPATH_SEARCH_PATHS = (
					"$(inherited)",
					"@executable_path/Frameworks",
				);
				PRODUCT_BUNDLE_IDENTIFIER = com.BLCKBIRDS.MyPieChart;
				PRODUCT_NAME = "$(TARGET_NAME)";
				SWIFT_VERSION = 5.0;
				TARGETED_DEVICE_FAMILY = "1,2";
			};
			name = Release;
		};
/* End XCBuildConfiguration section */

/* Begin XCConfigurationList section */
		454B7F0E266E03A300BAE7B1 /* Build configuration list for PBXProject "MyPieChart" */ = {
			isa = XCConfigurationList;
			buildConfigurations = (
				454B7F20266E03A500BAE7B1 /* Debug */,
				454B7F21266E03A500BAE7B1 /* Release */,
			);
			defaultConfigurationIsVisible = 0;
			defaultConfigurationName = Release;
		};
		454B7F22266E03A500BAE7B1 /* Build configuration list for PBXNativeTarget "MyPieChart" */ = {
			isa = XCConfigurationList;
			buildConfigurations = (
				454B7F23266E03A500BAE7B1 /* Debug */,
				454B7F24266E03A500BAE7B1 /* Release */,
			);
			defaultConfigurationIsVisible = 0;
			defaultConfigurationName = Release;
		};
/* End XCConfigurationList section */
	};
	rootObject = 454B7F0B266E03A300BAE7B1 /* Project object */;
}
